// !$*UTF8*$!
{
	archiveVersion = 1;
	classes = {
	};
	objectVersion = 55;
	objects = {

/* Begin PBXBuildFile section */
		9BF9005D37CFAE6D4077A4BD /* Pods_TheMovieDB.framework in Frameworks */ = {isa = PBXBuildFile; fileRef = E95876E9ACBE47DBB01BE224 /* Pods_TheMovieDB.framework */; };
		B91AEA8A284A378900977DC8 /* AppDelegate.swift in Sources */ = {isa = PBXBuildFile; fileRef = B91AEA89284A378900977DC8 /* AppDelegate.swift */; };
		B91AEA8C284A378900977DC8 /* SceneDelegate.swift in Sources */ = {isa = PBXBuildFile; fileRef = B91AEA8B284A378900977DC8 /* SceneDelegate.swift */; };
		B91AEA8E284A378900977DC8 /* UpComingViewController.swift in Sources */ = {isa = PBXBuildFile; fileRef = B91AEA8D284A378900977DC8 /* UpComingViewController.swift */; };
		B91AEA91284A378900977DC8 /* Main.storyboard in Resources */ = {isa = PBXBuildFile; fileRef = B91AEA8F284A378900977DC8 /* Main.storyboard */; };
		B91AEA93284A378E00977DC8 /* Assets.xcassets in Resources */ = {isa = PBXBuildFile; fileRef = B91AEA92284A378E00977DC8 /* Assets.xcassets */; };
		B91AEA96284A378E00977DC8 /* LaunchScreen.storyboard in Resources */ = {isa = PBXBuildFile; fileRef = B91AEA94284A378E00977DC8 /* LaunchScreen.storyboard */; };
		B9610D74284A4C3F00A4251C /* Services.swift in Sources */ = {isa = PBXBuildFile; fileRef = B9610D73284A4C3F00A4251C /* Services.swift */; };
		B9610D76284A4DCA00A4251C /* UpComingModel.swift in Sources */ = {isa = PBXBuildFile; fileRef = B9610D75284A4DCA00A4251C /* UpComingModel.swift */; };
		B9610D78284A50E600A4251C /* Constants.swift in Sources */ = {isa = PBXBuildFile; fileRef = B9610D77284A50E600A4251C /* Constants.swift */; };
		B9610D7B284A546600A4251C /* UpComingCell.swift in Sources */ = {isa = PBXBuildFile; fileRef = B9610D79284A546600A4251C /* UpComingCell.swift */; };
		B9610D7C284A546600A4251C /* UpComingCell.xib in Resources */ = {isa = PBXBuildFile; fileRef = B9610D7A284A546600A4251C /* UpComingCell.xib */; };
		B98F2181284F724700A37AD2 /* NowPlayingCollectionViewCell.swift in Sources */ = {isa = PBXBuildFile; fileRef = B98F217F284F724700A37AD2 /* NowPlayingCollectionViewCell.swift */; };
		B98F2182284F724700A37AD2 /* NowPlayingCollectionViewCell.xib in Resources */ = {isa = PBXBuildFile; fileRef = B98F2180284F724700A37AD2 /* NowPlayingCollectionViewCell.xib */; };
		B99A6902284F903400FED92A /* DetailViewController.swift in Sources */ = {isa = PBXBuildFile; fileRef = B99A6901284F903400FED92A /* DetailViewController.swift */; };
		B99A6905284FCDA100FED92A /* NowPlayingTableViewCell.swift in Sources */ = {isa = PBXBuildFile; fileRef = B99A6903284FCDA100FED92A /* NowPlayingTableViewCell.swift */; };
		B99A6906284FCDA100FED92A /* NowPlayingTableViewCell.xib in Resources */ = {isa = PBXBuildFile; fileRef = B99A6904284FCDA100FED92A /* NowPlayingTableViewCell.xib */; };
/* End PBXBuildFile section */

/* Begin PBXFileReference section */
		4A573D826B65B3D3BC0902C4 /* Pods-TheMovieDB.release.xcconfig */ = {isa = PBXFileReference; includeInIndex = 1; lastKnownFileType = text.xcconfig; name = "Pods-TheMovieDB.release.xcconfig"; path = "Target Support Files/Pods-TheMovieDB/Pods-TheMovieDB.release.xcconfig"; sourceTree = "<group>"; };
		636E1A1D8A1AA8A3BE99AE94 /* Pods-TheMovieDB.debug.xcconfig */ = {isa = PBXFileReference; includeInIndex = 1; lastKnownFileType = text.xcconfig; name = "Pods-TheMovieDB.debug.xcconfig"; path = "Target Support Files/Pods-TheMovieDB/Pods-TheMovieDB.debug.xcconfig"; sourceTree = "<group>"; };
		B91AEA86284A378900977DC8 /* TheMovieDB.app */ = {isa = PBXFileReference; explicitFileType = wrapper.application; includeInIndex = 0; path = TheMovieDB.app; sourceTree = BUILT_PRODUCTS_DIR; };
		B91AEA89284A378900977DC8 /* AppDelegate.swift */ = {isa = PBXFileReference; lastKnownFileType = sourcecode.swift; path = AppDelegate.swift; sourceTree = "<group>"; };
		B91AEA8B284A378900977DC8 /* SceneDelegate.swift */ = {isa = PBXFileReference; lastKnownFileType = sourcecode.swift; path = SceneDelegate.swift; sourceTree = "<group>"; };
		B91AEA8D284A378900977DC8 /* UpComingViewController.swift */ = {isa = PBXFileReference; lastKnownFileType = sourcecode.swift; path = UpComingViewController.swift; sourceTree = "<group>"; };
		B91AEA90284A378900977DC8 /* Base */ = {isa = PBXFileReference; lastKnownFileType = file.storyboard; name = Base; path = Base.lproj/Main.storyboard; sourceTree = "<group>"; };
		B91AEA92284A378E00977DC8 /* Assets.xcassets */ = {isa = PBXFileReference; lastKnownFileType = folder.assetcatalog; path = Assets.xcassets; sourceTree = "<group>"; };
		B91AEA95284A378E00977DC8 /* Base */ = {isa = PBXFileReference; lastKnownFileType = file.storyboard; name = Base; path = Base.lproj/LaunchScreen.storyboard; sourceTree = "<group>"; };
		B91AEA97284A378E00977DC8 /* Info.plist */ = {isa = PBXFileReference; lastKnownFileType = text.plist.xml; path = Info.plist; sourceTree = "<group>"; };
		B9610D73284A4C3F00A4251C /* Services.swift */ = {isa = PBXFileReference; lastKnownFileType = sourcecode.swift; path = Services.swift; sourceTree = "<group>"; };
		B9610D75284A4DCA00A4251C /* UpComingModel.swift */ = {isa = PBXFileReference; lastKnownFileType = sourcecode.swift; path = UpComingModel.swift; sourceTree = "<group>"; };
		B9610D77284A50E600A4251C /* Constants.swift */ = {isa = PBXFileReference; lastKnownFileType = sourcecode.swift; path = Constants.swift; sourceTree = "<group>"; };
		B9610D79284A546600A4251C /* UpComingCell.swift */ = {isa = PBXFileReference; lastKnownFileType = sourcecode.swift; path = UpComingCell.swift; sourceTree = "<group>"; };
		B9610D7A284A546600A4251C /* UpComingCell.xib */ = {isa = PBXFileReference; lastKnownFileType = file.xib; path = UpComingCell.xib; sourceTree = "<group>"; };
		B98F217F284F724700A37AD2 /* NowPlayingCollectionViewCell.swift */ = {isa = PBXFileReference; lastKnownFileType = sourcecode.swift; path = NowPlayingCollectionViewCell.swift; sourceTree = "<group>"; };
		B98F2180284F724700A37AD2 /* NowPlayingCollectionViewCell.xib */ = {isa = PBXFileReference; lastKnownFileType = file.xib; path = NowPlayingCollectionViewCell.xib; sourceTree = "<group>"; };
		B99A6901284F903400FED92A /* DetailViewController.swift */ = {isa = PBXFileReference; lastKnownFileType = sourcecode.swift; path = DetailViewController.swift; sourceTree = "<group>"; };
		B99A6903284FCDA100FED92A /* NowPlayingTableViewCell.swift */ = {isa = PBXFileReference; lastKnownFileType = sourcecode.swift; path = NowPlayingTableViewCell.swift; sourceTree = "<group>"; };
		B99A6904284FCDA100FED92A /* NowPlayingTableViewCell.xib */ = {isa = PBXFileReference; lastKnownFileType = file.xib; path = NowPlayingTableViewCell.xib; sourceTree = "<group>"; };
		E95876E9ACBE47DBB01BE224 /* Pods_TheMovieDB.framework */ = {isa = PBXFileReference; explicitFileType = wrapper.framework; includeInIndex = 0; path = Pods_TheMovieDB.framework; sourceTree = BUILT_PRODUCTS_DIR; };
/* End PBXFileReference section */

/* Begin PBXFrameworksBuildPhase section */
		B91AEA83284A378900977DC8 /* Frameworks */ = {
			isa = PBXFrameworksBuildPhase;
			buildActionMask = 2147483647;
			files = (
				9BF9005D37CFAE6D4077A4BD /* Pods_TheMovieDB.framework in Frameworks */,
			);
			runOnlyForDeploymentPostprocessing = 0;
		};
/* End PBXFrameworksBuildPhase section */

/* Begin PBXGroup section */
		B91AEA7D284A378900977DC8 = {
			isa = PBXGroup;
			children = (
				B91AEA88284A378900977DC8 /* TheMovieDB */,
				B91AEA87284A378900977DC8 /* Products */,
				ED77C51F63D900808BE73591 /* Pods */,
				D51B66D3EB1D93F9B13F6C0F /* Frameworks */,
			);
			sourceTree = "<group>";
		};
		B91AEA87284A378900977DC8 /* Products */ = {
			isa = PBXGroup;
			children = (
				B91AEA86284A378900977DC8 /* TheMovieDB.app */,
			);
			name = Products;
			sourceTree = "<group>";
		};
		B91AEA88284A378900977DC8 /* TheMovieDB */ = {
			isa = PBXGroup;
			children = (
				B9610D72284A4C2600A4251C /* Controller */,
				B9610D71284A4C1C00A4251C /* View */,
				B9610D70284A4C1700A4251C /* Model */,
				B9610D6F284A4BDE00A4251C /* Utils */,
				B91AEA89284A378900977DC8 /* AppDelegate.swift */,
				B91AEA8B284A378900977DC8 /* SceneDelegate.swift */,
				B91AEA8F284A378900977DC8 /* Main.storyboard */,
				B91AEA92284A378E00977DC8 /* Assets.xcassets */,
				B91AEA94284A378E00977DC8 /* LaunchScreen.storyboard */,
				B91AEA97284A378E00977DC8 /* Info.plist */,
			);
			path = TheMovieDB;
			sourceTree = "<group>";
		};
		B9610D6F284A4BDE00A4251C /* Utils */ = {
			isa = PBXGroup;
			children = (
				B9610D73284A4C3F00A4251C /* Services.swift */,
				B9610D77284A50E600A4251C /* Constants.swift */,
			);
			path = Utils;
			sourceTree = "<group>";
		};
		B9610D70284A4C1700A4251C /* Model */ = {
			isa = PBXGroup;
			children = (
				B9610D75284A4DCA00A4251C /* UpComingModel.swift */,
			);
			path = Model;
			sourceTree = "<group>";
		};
		B9610D71284A4C1C00A4251C /* View */ = {
			isa = PBXGroup;
			children = (
				B9610D79284A546600A4251C /* UpComingCell.swift */,
				B9610D7A284A546600A4251C /* UpComingCell.xib */,
				B99A6903284FCDA100FED92A /* NowPlayingTableViewCell.swift */,
				B99A6904284FCDA100FED92A /* NowPlayingTableViewCell.xib */,
				B98F217F284F724700A37AD2 /* NowPlayingCollectionViewCell.swift */,
				B98F2180284F724700A37AD2 /* NowPlayingCollectionViewCell.xib */,
			);
			path = View;
			sourceTree = "<group>";
		};
		B9610D72284A4C2600A4251C /* Controller */ = {
			isa = PBXGroup;
			children = (
				B91AEA8D284A378900977DC8 /* UpComingViewController.swift */,
				B99A6901284F903400FED92A /* DetailViewController.swift */,
			);
			path = Controller;
			sourceTree = "<group>";
		};
		D51B66D3EB1D93F9B13F6C0F /* Frameworks */ = {
			isa = PBXGroup;
			children = (
				E95876E9ACBE47DBB01BE224 /* Pods_TheMovieDB.framework */,
			);
			name = Frameworks;
			sourceTree = "<group>";
		};
		ED77C51F63D900808BE73591 /* Pods */ = {
			isa = PBXGroup;
			children = (
				636E1A1D8A1AA8A3BE99AE94 /* Pods-TheMovieDB.debug.xcconfig */,
				4A573D826B65B3D3BC0902C4 /* Pods-TheMovieDB.release.xcconfig */,
			);
			path = Pods;
			sourceTree = "<group>";
		};
/* End PBXGroup section */

/* Begin PBXNativeTarget section */
		B91AEA85284A378900977DC8 /* TheMovieDB */ = {
			isa = PBXNativeTarget;
			buildConfigurationList = B91AEA9A284A378E00977DC8 /* Build configuration list for PBXNativeTarget "TheMovieDB" */;
			buildPhases = (
				347C403157B539D5B8D28BDA /* [CP] Check Pods Manifest.lock */,
				B91AEA82284A378900977DC8 /* Sources */,
				B91AEA83284A378900977DC8 /* Frameworks */,
				B91AEA84284A378900977DC8 /* Resources */,
				794C1E510F37EF7F24ACA26D /* [CP] Embed Pods Frameworks */,
			);
			buildRules = (
			);
			dependencies = (
			);
			name = TheMovieDB;
			productName = TheMovieDB;
			productReference = B91AEA86284A378900977DC8 /* TheMovieDB.app */;
			productType = "com.apple.product-type.application";
		};
/* End PBXNativeTarget section */

/* Begin PBXProject section */
		B91AEA7E284A378900977DC8 /* Project object */ = {
			isa = PBXProject;
			attributes = {
				BuildIndependentTargetsInParallel = 1;
				LastSwiftUpdateCheck = 1340;
				LastUpgradeCheck = 1340;
				TargetAttributes = {
					B91AEA85284A378900977DC8 = {
						CreatedOnToolsVersion = 13.4.1;
					};
				};
			};
			buildConfigurationList = B91AEA81284A378900977DC8 /* Build configuration list for PBXProject "TheMovieDB" */;
			compatibilityVersion = "Xcode 13.0";
			developmentRegion = en;
			hasScannedForEncodings = 0;
			knownRegions = (
				en,
				Base,
			);
			mainGroup = B91AEA7D284A378900977DC8;
			productRefGroup = B91AEA87284A378900977DC8 /* Products */;
			projectDirPath = "";
			projectRoot = "";
			targets = (
				B91AEA85284A378900977DC8 /* TheMovieDB */,
			);
		};
/* End PBXProject section */

/* Begin PBXResourcesBuildPhase section */
		B91AEA84284A378900977DC8 /* Resources */ = {
			isa = PBXResourcesBuildPhase;
			buildActionMask = 2147483647;
			files = (
				B91AEA96284A378E00977DC8 /* LaunchScreen.storyboard in Resources */,
				B98F2182284F724700A37AD2 /* NowPlayingCollectionViewCell.xib in Resources */,
				B91AEA93284A378E00977DC8 /* Assets.xcassets in Resources */,
				B99A6906284FCDA100FED92A /* NowPlayingTableViewCell.xib in Resources */,
				B91AEA91284A378900977DC8 /* Main.storyboard in Resources */,
				B9610D7C284A546600A4251C /* UpComingCell.xib in Resources */,
			);
			runOnlyForDeploymentPostprocessing = 0;
		};
/* End PBXResourcesBuildPhase section */

/* Begin PBXShellScriptBuildPhase section */
		347C403157B539D5B8D28BDA /* [CP] Check Pods Manifest.lock */ = {
			isa = PBXShellScriptBuildPhase;
			buildActionMask = 2147483647;
			files = (
			);
			inputFileListPaths = (
			);
			inputPaths = (
				"${PODS_PODFILE_DIR_PATH}/Podfile.lock",
				"${PODS_ROOT}/Manifest.lock",
			);
			name = "[CP] Check Pods Manifest.lock";
			outputFileListPaths = (
			);
			outputPaths = (
				"$(DERIVED_FILE_DIR)/Pods-TheMovieDB-checkManifestLockResult.txt",
			);
			runOnlyForDeploymentPostprocessing = 0;
			shellPath = /bin/sh;
			shellScript = "diff \"${PODS_PODFILE_DIR_PATH}/Podfile.lock\" \"${PODS_ROOT}/Manifest.lock\" > /dev/null\nif [ $? != 0 ] ; then\n    # print error to STDERR\n    echo \"error: The sandbox is not in sync with the Podfile.lock. Run 'pod install' or update your CocoaPods installation.\" >&2\n    exit 1\nfi\n# This output is used by Xcode 'outputs' to avoid re-running this script phase.\necho \"SUCCESS\" > \"${SCRIPT_OUTPUT_FILE_0}\"\n";
			showEnvVarsInLog = 0;
		};
		794C1E510F37EF7F24ACA26D /* [CP] Embed Pods Frameworks */ = {
			isa = PBXShellScriptBuildPhase;
			buildActionMask = 2147483647;
			files = (
			);
			inputFileListPaths = (
				"${PODS_ROOT}/Target Support Files/Pods-TheMovieDB/Pods-TheMovieDB-frameworks-${CONFIGURATION}-input-files.xcfilelist",
			);
			name = "[CP] Embed Pods Frameworks";
			outputFileListPaths = (
				"${PODS_ROOT}/Target Support Files/Pods-TheMovieDB/Pods-TheMovieDB-frameworks-${CONFIGURATION}-output-files.xcfilelist",
			);
			runOnlyForDeploymentPostprocessing = 0;
			shellPath = /bin/sh;
			shellScript = "\"${PODS_ROOT}/Target Support Files/Pods-TheMovieDB/Pods-TheMovieDB-frameworks.sh\"\n";
			showEnvVarsInLog = 0;
		};
/* End PBXShellScriptBuildPhase section */

/* Begin PBXSourcesBuildPhase section */
		B91AEA82284A378900977DC8 /* Sources */ = {
			isa = PBXSourcesBuildPhase;
			buildActionMask = 2147483647;
			files = (
				B99A6902284F903400FED92A /* DetailViewController.swift in Sources */,
				B91AEA8E284A378900977DC8 /* UpComingViewController.swift in Sources */,
				B9610D74284A4C3F00A4251C /* Services.swift in Sources */,
				B91AEA8A284A378900977DC8 /* AppDelegate.swift in Sources */,
				B91AEA8C284A378900977DC8 /* SceneDelegate.swift in Sources */,
				B9610D7B284A546600A4251C /* UpComingCell.swift in Sources */,
				B9610D76284A4DCA00A4251C /* UpComingModel.swift in Sources */,
				B99A6905284FCDA100FED92A /* NowPlayingTableViewCell.swift in Sources */,
				B9610D78284A50E600A4251C /* Constants.swift in Sources */,
				B98F2181284F724700A37AD2 /* NowPlayingCollectionViewCell.swift in Sources */,
			);
			runOnlyForDeploymentPostprocessing = 0;
		};
/* End PBXSourcesBuildPhase section */

/* Begin PBXVariantGroup section */
		B91AEA8F284A378900977DC8 /* Main.storyboard */ = {
			isa = PBXVariantGroup;
			children = (
				B91AEA90284A378900977DC8 /* Base */,
			);
			name = Main.storyboard;
			sourceTree = "<group>";
		};
		B91AEA94284A378E00977DC8 /* LaunchScreen.storyboard */ = {
			isa = PBXVariantGroup;
			children = (
				B91AEA95284A378E00977DC8 /* Base */,
			);
			name = LaunchScreen.storyboard;
			sourceTree = "<group>";
		};
/* End PBXVariantGroup section */

/* Begin XCBuildConfiguration section */
		B91AEA98284A378E00977DC8 /* Debug */ = {
			isa = XCBuildConfiguration;
			buildSettings = {
				ALWAYS_SEARCH_USER_PATHS = NO;
				CLANG_ANALYZER_NONNULL = YES;
				CLANG_ANALYZER_NUMBER_OBJECT_CONVERSION = YES_AGGRESSIVE;
				CLANG_CXX_LANGUAGE_STANDARD = "gnu++17";
				CLANG_ENABLE_MODULES = YES;
				CLANG_ENABLE_OBJC_ARC = YES;
				CLANG_ENABLE_OBJC_WEAK = YES;
				CLANG_WARN_BLOCK_CAPTURE_AUTORELEASING = YES;
				CLANG_WARN_BOOL_CONVERSION = YES;
				CLANG_WARN_COMMA = YES;
				CLANG_WARN_CONSTANT_CONVERSION = YES;
				CLANG_WARN_DEPRECATED_OBJC_IMPLEMENTATIONS = YES;
				CLANG_WARN_DIRECT_OBJC_ISA_USAGE = YES_ERROR;
				CLANG_WARN_DOCUMENTATION_COMMENTS = YES;
				CLANG_WARN_EMPTY_BODY = YES;
				CLANG_WARN_ENUM_CONVERSION = YES;
				CLANG_WARN_INFINITE_RECURSION = YES;
				CLANG_WARN_INT_CONVERSION = YES;
				CLANG_WARN_NON_LITERAL_NULL_CONVERSION = YES;
				CLANG_WARN_OBJC_IMPLICIT_RETAIN_SELF = YES;
				CLANG_WARN_OBJC_LITERAL_CONVERSION = YES;
				CLANG_WARN_OBJC_ROOT_CLASS = YES_ERROR;
				CLANG_WARN_QUOTED_INCLUDE_IN_FRAMEWORK_HEADER = YES;
				CLANG_WARN_RANGE_LOOP_ANALYSIS = YES;
				CLANG_WARN_STRICT_PROTOTYPES = YES;
				CLANG_WARN_SUSPICIOUS_MOVE = YES;
				CLANG_WARN_UNGUARDED_AVAILABILITY = YES_AGGRESSIVE;
				CLANG_WARN_UNREACHABLE_CODE = YES;
				CLANG_WARN__DUPLICATE_METHOD_MATCH = YES;
				COPY_PHASE_STRIP = NO;
				DEBUG_INFORMATION_FORMAT = dwarf;
				ENABLE_STRICT_OBJC_MSGSEND = YES;
				ENABLE_TESTABILITY = YES;
				GCC_C_LANGUAGE_STANDARD = gnu11;
				GCC_DYNAMIC_NO_PIC = NO;
				GCC_NO_COMMON_BLOCKS = YES;
				GCC_OPTIMIZATION_LEVEL = 0;
				GCC_PREPROCESSOR_DEFINITIONS = (
					"DEBUG=1",
					"$(inherited)",
				);
				GCC_WARN_64_TO_32_BIT_CONVERSION = YES;
				GCC_WARN_ABOUT_RETURN_TYPE = YES_ERROR;
				GCC_WARN_UNDECLARED_SELECTOR = YES;
				GCC_WARN_UNINITIALIZED_AUTOS = YES_AGGRESSIVE;
				GCC_WARN_UNUSED_FUNCTION = YES;
				GCC_WARN_UNUSED_VARIABLE = YES;
				IPHONEOS_DEPLOYMENT_TARGET = 15.5;
				MTL_ENABLE_DEBUG_INFO = INCLUDE_SOURCE;
				MTL_FAST_MATH = YES;
				ONLY_ACTIVE_ARCH = YES;
				SDKROOT = iphoneos;
				SWIFT_ACTIVE_COMPILATION_CONDITIONS = DEBUG;
				SWIFT_OPTIMIZATION_LEVEL = "-Onone";
			};
			name = Debug;
		};
		B91AEA99284A378E00977DC8 /* Release */ = {
			isa = XCBuildConfiguration;
			buildSettings = {
				ALWAYS_SEARCH_USER_PATHS = NO;
				CLANG_ANALYZER_NONNULL = YES;
				CLANG_ANALYZER_NUMBER_OBJECT_CONVERSION = YES_AGGRESSIVE;
				CLANG_CXX_LANGUAGE_STANDARD = "gnu++17";
				CLANG_ENABLE_MODULES = YES;
				CLANG_ENABLE_OBJC_ARC = YES;
				CLANG_ENABLE_OBJC_WEAK = YES;
				CLANG_WARN_BLOCK_CAPTURE_AUTORELEASING = YES;
				CLANG_WARN_BOOL_CONVERSION = YES;
				CLANG_WARN_COMMA = YES;
				CLANG_WARN_CONSTANT_CONVERSION = YES;
				CLANG_WARN_DEPRECATED_OBJC_IMPLEMENTATIONS = YES;
				CLANG_WARN_DIRECT_OBJC_ISA_USAGE = YES_ERROR;
				CLANG_WARN_DOCUMENTATION_COMMENTS = YES;
				CLANG_WARN_EMPTY_BODY = YES;
				CLANG_WARN_ENUM_CONVERSION = YES;
				CLANG_WARN_INFINITE_RECURSION = YES;
				CLANG_WARN_INT_CONVERSION = YES;
				CLANG_WARN_NON_LITERAL_NULL_CONVERSION = YES;
				CLANG_WARN_OBJC_IMPLICIT_RETAIN_SELF = YES;
				CLANG_WARN_OBJC_LITERAL_CONVERSION = YES;
				CLANG_WARN_OBJC_ROOT_CLASS = YES_ERROR;
				CLANG_WARN_QUOTED_INCLUDE_IN_FRAMEWORK_HEADER = YES;
				CLANG_WARN_RANGE_LOOP_ANALYSIS = YES;
				CLANG_WARN_STRICT_PROTOTYPES = YES;
				CLANG_WARN_SUSPICIOUS_MOVE = YES;
				CLANG_WARN_UNGUARDED_AVAILABILITY = YES_AGGRESSIVE;
				CLANG_WARN_UNREACHABLE_CODE = YES;
				CLANG_WARN__DUPLICATE_METHOD_MATCH = YES;
				COPY_PHASE_STRIP = NO;
				DEBUG_INFORMATION_FORMAT = "dwarf-with-dsym";
				ENABLE_NS_ASSERTIONS = NO;
				ENABLE_STRICT_OBJC_MSGSEND = YES;
				GCC_C_LANGUAGE_STANDARD = gnu11;
				GCC_NO_COMMON_BLOCKS = YES;
				GCC_WARN_64_TO_32_BIT_CONVERSION = YES;
				GCC_WARN_ABOUT_RETURN_TYPE = YES_ERROR;
				GCC_WARN_UNDECLARED_SELECTOR = YES;
				GCC_WARN_UNINITIALIZED_AUTOS = YES_AGGRESSIVE;
				GCC_WARN_UNUSED_FUNCTION = YES;
				GCC_WARN_UNUSED_VARIABLE = YES;
				IPHONEOS_DEPLOYMENT_TARGET = 15.5;
				MTL_ENABLE_DEBUG_INFO = NO;
				MTL_FAST_MATH = YES;
				SDKROOT = iphoneos;
				SWIFT_COMPILATION_MODE = wholemodule;
				SWIFT_OPTIMIZATION_LEVEL = "-O";
				VALIDATE_PRODUCT = YES;
			};
			name = Release;
		};
		B91AEA9B284A378E00977DC8 /* Debug */ = {
			isa = XCBuildConfiguration;
			baseConfigurationReference = 636E1A1D8A1AA8A3BE99AE94 /* Pods-TheMovieDB.debug.xcconfig */;
			buildSettings = {
				ASSETCATALOG_COMPILER_APPICON_NAME = AppIcon;
				ASSETCATALOG_COMPILER_GLOBAL_ACCENT_COLOR_NAME = AccentColor;
				CODE_SIGN_STYLE = Automatic;
				CURRENT_PROJECT_VERSION = 1;
				DEVELOPMENT_TEAM = QJS4FJ5R3Z;
				GENERATE_INFOPLIST_FILE = YES;
				INFOPLIST_FILE = TheMovieDB/Info.plist;
				INFOPLIST_KEY_UIApplicationSupportsIndirectInputEvents = YES;
				INFOPLIST_KEY_UILaunchStoryboardName = LaunchScreen;
				INFOPLIST_KEY_UIMainStoryboardFile = Main;
				INFOPLIST_KEY_UISupportedInterfaceOrientations_iPad = "UIInterfaceOrientationPortrait UIInterfaceOrientationPortraitUpsideDown UIInterfaceOrientationLandscapeLeft UIInterfaceOrientationLandscapeRight";
				INFOPLIST_KEY_UISupportedInterfaceOrientations_iPhone = "UIInterfaceOrientationPortrait UIInterfaceOrientationLandscapeLeft UIInterfaceOrientationLandscapeRight";
				LD_RUNPATH_SEARCH_PATHS = (
					"$(inherited)",
					"@executable_path/Frameworks",
				);
				MARKETING_VERSION = 1.0;
				PRODUCT_BUNDLE_IDENTIFIER = com.Onur.TheMovieDB;
				PRODUCT_NAME = "$(TARGET_NAME)";
				SWIFT_EMIT_LOC_STRINGS = YES;
				SWIFT_VERSION = 5.0;
				TARGETED_DEVICE_FAMILY = "1,2";
			};
			name = Debug;
		};
		B91AEA9C284A378E00977DC8 /* Release */ = {
			isa = XCBuildConfiguration;
			baseConfigurationReference = 4A573D826B65B3D3BC0902C4 /* Pods-TheMovieDB.release.xcconfig */;
			buildSettings = {
				ASSETCATALOG_COMPILER_APPICON_NAME = AppIcon;
				ASSETCATALOG_COMPILER_GLOBAL_ACCENT_COLOR_NAME = AccentColor;
				CODE_SIGN_STYLE = Automatic;
				CURRENT_PROJECT_VERSION = 1;
				DEVELOPMENT_TEAM = QJS4FJ5R3Z;
				GENERATE_INFOPLIST_FILE = YES;
				INFOPLIST_FILE = TheMovieDB/Info.plist;
				INFOPLIST_KEY_UIApplicationSupportsIndirectInputEvents = YES;
				INFOPLIST_KEY_UILaunchStoryboardName = LaunchScreen;
				INFOPLIST_KEY_UIMainStoryboardFile = Main;
				INFOPLIST_KEY_UISupportedInterfaceOrientations_iPad = "UIInterfaceOrientationPortrait UIInterfaceOrientationPortraitUpsideDown UIInterfaceOrientationLandscapeLeft UIInterfaceOrientationLandscapeRight";
				INFOPLIST_KEY_UISupportedInterfaceOrientations_iPhone = "UIInterfaceOrientationPortrait UIInterfaceOrientationLandscapeLeft UIInterfaceOrientationLandscapeRight";
				LD_RUNPATH_SEARCH_PATHS = (
					"$(inherited)",
					"@executable_path/Frameworks",
				);
				MARKETING_VERSION = 1.0;
				PRODUCT_BUNDLE_IDENTIFIER = com.Onur.TheMovieDB;
				PRODUCT_NAME = "$(TARGET_NAME)";
				SWIFT_EMIT_LOC_STRINGS = YES;
				SWIFT_VERSION = 5.0;
				TARGETED_DEVICE_FAMILY = "1,2";
			};
			name = Release;
		};
/* End XCBuildConfiguration section */

/* Begin XCConfigurationList section */
		B91AEA81284A378900977DC8 /* Build configuration list for PBXProject "TheMovieDB" */ = {
			isa = XCConfigurationList;
			buildConfigurations = (
				B91AEA98284A378E00977DC8 /* Debug */,
				B91AEA99284A378E00977DC8 /* Release */,
			);
			defaultConfigurationIsVisible = 0;
			defaultConfigurationName = Release;
		};
		B91AEA9A284A378E00977DC8 /* Build configuration list for PBXNativeTarget "TheMovieDB" */ = {
			isa = XCConfigurationList;
			buildConfigurations = (
				B91AEA9B284A378E00977DC8 /* Debug */,
				B91AEA9C284A378E00977DC8 /* Release */,
			);
			defaultConfigurationIsVisible = 0;
			defaultConfigurationName = Release;
		};
/* End XCConfigurationList section */
	};
	rootObject = B91AEA7E284A378900977DC8 /* Project object */;
}
